{
  "name": "reminder",
  "version": "1.0.0",
  "lockfileVersion": 3,
  "requires": true,
  "packages": {
    "": {
      "name": "reminder",
      "version": "1.0.0",
      "license": "ISC",
      "dependencies": {
        "node-notifier": "^10.0.1",
        "powertoast": "^3.0.0"
      },
      "devDependencies": {}
    },
    "node_modules/@xan105/error": {
      "version": "1.7.1",
      "resolved": "https://registry.npmjs.org/@xan105/error/-/error-1.7.1.tgz",
      "integrity": "sha512-FYIUYijbmg62L9QQ5BsR14DuZatAJJvwo10yzuEDEsu8L0FAa4DZivWFAf66nYjEiSz50SFGtMxWSyG+y/ZGGw==",
      "funding": [
        {
          "type": "github",
          "url": "https://github.com/sponsors/xan105"
        },
        {
          "type": "paypal",
          "url": "https://www.paypal.me/xan105"
        },
        {
          "type": "patreon",
          "url": "https://www.patreon.com/xan105"
        }
      ],
      "license": "MIT",
      "engines": {
        "node": ">=20.11.0"
      }
    },
    "node_modules/@xan105/fs": {
      "version": "2.3.0",
      "resolved": "https://registry.npmjs.org/@xan105/fs/-/fs-2.3.0.tgz",
      "integrity": "sha512-9ibTdG8ZFYBn6rdBL3Dq+BikN2V1zxNXRGxWUUsBzA/zXazPSrEs4bURzURv5m6z+o6VzbKEu+prtLefJTntDQ==",
      "funding": [
        {
          "type": "github",
          "url": "https://github.com/sponsors/xan105"
        },
        {
          "type": "paypal",
          "url": "https://www.paypal.me/xan105"
        },
        {
          "type": "patreon",
          "url": "https://www.patreon.com/xan105"
        }
      ],
      "license": "MIT",
      "dependencies": {
        "@xan105/error": "^1.7.1",
        "@xan105/is": "^2.10.1"
      },
      "engines": {
        "node": ">=20.18.0"
      }
    },
    "node_modules/@xan105/is": {
      "version": "2.10.1",
      "resolved": "https://registry.npmjs.org/@xan105/is/-/is-2.10.1.tgz",
      "integrity": "sha512-FKgDE2tSyJwvf+zIeAsN/f8l94CYhhu5LtkLhv/gYX1i5DnfGdCys0N+mxxTb1qMhWPw+ekHGcwflv0x8ATPJQ==",
      "funding": [
        {
          "type": "github",
          "url": "https://github.com/sponsors/xan105"
        },
        {
          "type": "paypal",
          "url": "https://www.paypal.me/xan105"
        },
        {
          "type": "patreon",
          "url": "https://www.patreon.com/xan105"
        }
      ],
      "license": "MIT",
      "dependencies": {
        "@xan105/error": "^1.7.1"
      },
      "engines": {
        "node": ">=16.0.0"
      }
    },
    "node_modules/growly": {
      "version": "1.3.0",
      "resolved": "https://registry.npmjs.org/growly/-/growly-1.3.0.tgz",
      "integrity": "sha512-+xGQY0YyAWCnqy7Cd++hc2JqMYzlm0dG30Jd0beaA64sROr8C4nt8Yc9V5Ro3avlSUDTN0ulqP/VBKi1/lLygw==",
      "license": "MIT"
    },
    "node_modules/is-docker": {
      "version": "2.2.1",
      "resolved": "https://registry.npmjs.org/is-docker/-/is-docker-2.2.1.tgz",
      "integrity": "sha512-F+i2BKsFrH66iaUFc0woD8sLy8getkwTwtOBjvs56Cx4CgJDeKQeqfz8wAYiSb8JOprWhHH5p77PbmYCvvUuXQ==",
      "license": "MIT",
      "bin": {
        "is-docker": "cli.js"
      },
      "engines": {
        "node": ">=8"
      },
      "funding": {
        "url": "https://github.com/sponsors/sindresorhus"
      }
    },
    "node_modules/is-wsl": {
      "version": "2.2.0",
      "resolved": "https://registry.npmjs.org/is-wsl/-/is-wsl-2.2.0.tgz",
      "integrity": "sha512-fKzAra0rGJUUBwGBgNkHZuToZcn+TtXHpeCgmkMJMMYx1sQDYaCSyjJBSCa2nH1DGm7s3n1oBnohoVTBaN7Lww==",
      "license": "MIT",
      "dependencies": {
        "is-docker": "^2.0.0"
      },
      "engines": {
        "node": ">=8"
      }
    },
    "node_modules/isexe": {
      "version": "2.0.0",
      "resolved": "https://registry.npmjs.org/isexe/-/isexe-2.0.0.tgz",
      "integrity": "sha512-RHxMLp9lnKHGHRng9QFhRCMbYAcVpn69smSGcq3f36xjgVVWThj4qqLbTLlq7Ssj8B+fIQ1EuCEGI2lKsyQeIw==",
      "license": "ISC"
    },
    "node_modules/node-notifier": {
      "version": "10.0.1",
      "resolved": "https://registry.npmjs.org/node-notifier/-/node-notifier-10.0.1.tgz",
      "integrity": "sha512-YX7TSyDukOZ0g+gmzjB6abKu+hTGvO8+8+gIFDsRCU2t8fLV/P2unmt+LGFaIa4y64aX98Qksa97rgz4vMNeLQ==",
      "license": "MIT",
      "dependencies": {
        "growly": "^1.3.0",
        "is-wsl": "^2.2.0",
        "semver": "^7.3.5",
        "shellwords": "^0.1.1",
        "uuid": "^8.3.2",
        "which": "^2.0.2"
      }
    },
    "node_modules/powertoast": {
      "version": "3.0.0",
      "resolved": "https://registry.npmjs.org/powertoast/-/powertoast-3.0.0.tgz",
      "integrity": "sha512-nlGnBkMchJS6P4uQgjROpzHs72WqgB6cYP7hDFACXOZUSu2lXgDqJ5fKt2B/53jO+UynVlbhAQHHQvSOLUAUmQ==",
      "funding": [
        {
          "type": "github",
          "url": "https://github.com/sponsors/xan105"
        },
        {
          "type": "paypal",
          "url": "https://www.paypal.me/xan105"
        },
        {
          "type": "patreon",
          "url": "https://www.patreon.com/xan105"
        }
      ],
      "license": "MIT",
      "dependencies": {
        "@xan105/error": "^1.7.0",
        "@xan105/fs": "^2.2.1",
        "@xan105/is": "^2.9.3"
      },
      "engines": {
        "node": ">=20.11.0"
      },
      "peerDependencies": {
        "@nodert-win10-19h1/windows.data.xml.dom": "^0.1.6",
        "@nodert-win10-19h1/windows.foundation": "^0.1.6",
        "@nodert-win10-19h1/windows.foundation.collections": "^0.1.6",
        "@nodert-win10-19h1/windows.ui.notifications": "^0.1.6",
        "@nodert-win10-20h1/windows.data.xml.dom": "^0.1.0",
        "@nodert-win10-20h1/windows.foundation": "^0.1.0",
        "@nodert-win10-20h1/windows.foundation.collections": "^0.1.0",
        "@nodert-win10-20h1/windows.ui.notifications": "^0.1.0",
        "@nodert-win10-21h1/windows.data.xml.dom": "^0.1.6",
        "@nodert-win10-21h1/windows.foundation": "^0.1.6",
        "@nodert-win10-21h1/windows.foundation.collections": "^0.1.6",
        "@nodert-win10-21h1/windows.ui.notifications": "^0.1.6",
        "@nodert-win10-au/windows.data.xml.dom": "^0.4.4",
        "@nodert-win10-au/windows.foundation": "^0.4.4",
        "@nodert-win10-au/windows.foundation.collections": "^0.4.4",
        "@nodert-win10-au/windows.ui.notifications": "^0.4.4",
        "@nodert-win10-cu/windows.data.xml.dom": "^0.4.4",
        "@nodert-win10-cu/windows.foundation": "^0.4.4",
        "@nodert-win10-cu/windows.foundation.collections": "^0.4.4",
        "@nodert-win10-cu/windows.ui.notifications": "^0.4.4",
        "@nodert-win10-rs3/windows.data.xml.dom": "^0.4.4",
        "@nodert-win10-rs3/windows.foundation": "^0.4.4",
        "@nodert-win10-rs3/windows.foundation.collections": "^0.4.4",
        "@nodert-win10-rs3/windows.ui.notifications": "^0.4.4",
        "@nodert-win10-rs4/windows.data.xml.dom": "^0.4.4",
        "@nodert-win10-rs4/windows.foundation": "^0.4.4",
        "@nodert-win10-rs4/windows.foundation.collections": "^0.4.4",
        "@nodert-win10-rs4/windows.ui.notifications": "^0.4.4",
        "@nodert-win10/windows.data.xml.dom": "^0.2.96",
        "@nodert-win10/windows.foundation": "^0.2.96",
        "@nodert-win10/windows.foundation.collections": "^0.2.96",
        "@nodert-win10/windows.ui.notifications": "^0.2.96",
        "@nodert-win11-22h2/windows.data.xml.dom": "^0.1.6",
        "@nodert-win11-22h2/windows.foundation": "^0.1.6",
        "@nodert-win11-22h2/windows.foundation.collections": "^0.1.6",
        "@nodert-win11-22h2/windows.ui.notifications": "^0.1.6",
        "@nodert-win11/windows.data.xml.dom": "^0.1.6",
        "@nodert-win11/windows.foundation": "^0.1.6",
        "@nodert-win11/windows.foundation.collections": "^0.1.6",
        "@nodert-win11/windows.ui.notifications": "^0.1.6",
        "@xan105/nodert": "^2.0.0"
      },
      "peerDependenciesMeta": {
        "@nodert-win10-19h1/windows.data.xml.dom": {
          "optional": true
        },
        "@nodert-win10-19h1/windows.foundation": {
          "optional": true
        },
        "@nodert-win10-19h1/windows.foundation.collections": {
          "optional": true
        },
        "@nodert-win10-19h1/windows.ui.notifications": {
          "optional": true
        },
        "@nodert-win10-20h1/windows.data.xml.dom": {
          "optional": true
        },
        "@nodert-win10-20h1/windows.foundation": {
          "optional": true
        },
        "@nodert-win10-20h1/windows.foundation.collections": {
          "optional": true
        },
        "@nodert-win10-20h1/windows.ui.notifications": {
          "optional": true
        },
        "@nodert-win10-21h1/windows.data.xml.dom": {
          "optional": true
        },
        "@nodert-win10-21h1/windows.foundation": {
          "optional": true
        },
        "@nodert-win10-21h1/windows.foundation.collections": {
          "optional": true
        },
        "@nodert-win10-21h1/windows.ui.notifications": {
          "optional": true
        },
        "@nodert-win10-au/windows.data.xml.dom": {
          "optional": true
        },
        "@nodert-win10-au/windows.foundation": {
          "optional": true
        },
        "@nodert-win10-au/windows.foundation.collections": {
          "optional": true
        },
        "@nodert-win10-au/windows.ui.notifications": {
          "optional": true
        },
        "@nodert-win10-cu/windows.data.xml.dom": {
          "optional": true
        },
        "@nodert-win10-cu/windows.foundation": {
          "optional": true
        },
        "@nodert-win10-cu/windows.foundation.collections": {
          "optional": true
        },
        "@nodert-win10-cu/windows.ui.notifications": {
          "optional": true
        },
        "@nodert-win10-rs3/windows.data.xml.dom": {
          "optional": true
        },
        "@nodert-win10-rs3/windows.foundation": {
          "optional": true
        },
        "@nodert-win10-rs3/windows.foundation.collections": {
          "optional": true
        },
        "@nodert-win10-rs3/windows.ui.notifications": {
          "optional": true
        },
        "@nodert-win10-rs4/windows.data.xml.dom": {
          "optional": true
        },
        "@nodert-win10-rs4/windows.foundation": {
          "optional": true
        },
        "@nodert-win10-rs4/windows.foundation.collections": {
          "optional": true
        },
        "@nodert-win10-rs4/windows.ui.notifications": {
          "optional": true
        },
        "@nodert-win10/windows.data.xml.dom": {
          "optional": true
        },
        "@nodert-win10/windows.foundation": {
          "optional": true
        },
        "@nodert-win10/windows.foundation.collections": {
          "optional": true
        },
        "@nodert-win10/windows.ui.notifications": {
          "optional": true
        },
        "@nodert-win11-22h2/windows.data.xml.dom": {
          "optional": true
        },
        "@nodert-win11-22h2/windows.foundation": {
          "optional": true
        },
        "@nodert-win11-22h2/windows.foundation.collections": {
          "optional": true
        },
        "@nodert-win11-22h2/windows.ui.notifications": {
          "optional": true
        },
        "@nodert-win11/windows.data.xml.dom": {
          "optional": true
        },
        "@nodert-win11/windows.foundation": {
          "optional": true
        },
        "@nodert-win11/windows.foundation.collections": {
          "optional": true
        },
        "@nodert-win11/windows.ui.notifications": {
          "optional": true
        },
        "@xan105/nodert": {
          "optional": true
        }
      }
    },
    "node_modules/semver": {
      "version": "7.7.4",
      "resolved": "https://registry.npmjs.org/semver/-/semver-7.7.4.tgz",
      "integrity": "sha512-vFKC2IEtQnVhpT78h1Yp8wzwrf8CM+MzKMHGJZfBtzhZNycRFnXsHk6E5TxIkkMsgNS7mdX3AGB7x2QM2di4lA==",
      "license": "ISC",
      "bin": {
        "semver": "bin/semver.js"
      },
      "engines": {
        "node": ">=10"
      }
    },
    "node_modules/shellwords": {
      "version": "0.1.1",
      "resolved": "https://registry.npmjs.org/shellwords/-/shellwords-0.1.1.tgz",
      "integrity": "sha512-vFwSUfQvqybiICwZY5+DAWIPLKsWO31Q91JSKl3UYv+K5c2QRPzn0qzec6QPu1Qc9eHYItiP3NdJqNVqetYAww==",
      "license": "MIT"
    },
    "node_modules/uuid": {
      "version": "8.3.2",
      "resolved": "https://registry.npmjs.org/uuid/-/uuid-8.3.2.tgz",
      "integrity": "sha512-+NYs2QeMWy+GWFOEm9xnn6HCDp0l7QBD7ml8zLUmJ+93Q5NF0NocErnwkTkXVFNiX3/fpC6afS8Dhb/gz7R7eg==",
      "license": "MIT",
      "bin": {
        "uuid": "dist/bin/uuid"
      }
    },
    "node_modules/which": {
      "version": "2.0.2",
      "resolved": "https://registry.npmjs.org/which/-/which-2.0.2.tgz",
      "integrity": "sha512-BLI3Tl1TW3Pvl70l3yq3Y64i+awpwXqsGBYWkkqMtnbXgrMD+yj7rhW0kuEDxzJaYXGjEW5ogapKNMEKNMjibA==",
      "license": "ISC",
      "dependencies": {
        "isexe": "^2.0.0"
      },
      "bin": {
        "node-which": "bin/node-which"
      },
      "engines": {
        "node": ">= 8"
      }
    }
  }
}
